
Microsoft Visual Studio Solution File, Format Version 12.00
# Visual Studio Version 17
VisualStudioVersion = 17.7.34221.43
MinimumVisualStudioVersion = 10.0.40219.1
Project("{FAE04EC0-301F-11D3-BF4B-00C04F79EFBC}") = "JO_esimene_projekt", "JO_esimene_projekt.csproj", "{CD78A401-4671-46A8-8B29-E04CF4E73F67}"
EndProject
Global
	GlobalSection(SolutionConfigurationPlatforms) = preSolution
		Debug|Any CPU = Debug|Any CPU
		Release|Any CPU = Release|Any CPU
	EndGlobalSection
	GlobalSection(ProjectConfigurationPlatforms) = postSolution
		{CD78A401-4671-46A8-8B29-E04CF4E73F67}.Debug|Any CPU.ActiveCfg = Debug|Any CPU
		{CD78A401-4671-46A8-8B29-E04CF4E73F67}.Debug|Any CPU.Build.0 = Debug|Any CPU
		{CD78A401-4671-46A8-8B29-E04CF4E73F67}.Release|Any CPU.ActiveCfg = Release|Any CPU
		{CD78A401-4671-46A8-8B29-E04CF4E73F67}.Release|Any CPU.Build.0 = Release|Any CPU
	EndGlobalSection
	GlobalSection(SolutionProperties) = preSolution
		HideSolutionNode = FALSE
	EndGlobalSection
	GlobalSection(ExtensibilityGlobals) = postSolution
		SolutionGuid = {1CE9DEC1-85A3-4A93-AF4C-C2FC5DBB38F7}
	EndGlobalSection
EndGlobal
